// !$*UTF8*$!
{
	archiveVersion = 1;
	classes = {
	};
	objectVersion = 56;
	objects = {

/* Begin PBXBuildFile section */
		47DB044594DFD40DDBA217B1 /* Pods_Meals.framework in Frameworks */ = {isa = PBXBuildFile; fileRef = 7C5C5D4BFE76058794D42E03 /* Pods_Meals.framework */; };
		6252C2F22ABEC37D005CE71D /* MealDetailHeaderTableViewCell.swift in Sources */ = {isa = PBXBuildFile; fileRef = 6252C2F12ABEC37D005CE71D /* MealDetailHeaderTableViewCell.swift */; };
		6252C2F42ABEC42F005CE71D /* MultipleContentsTableViewCell.swift in Sources */ = {isa = PBXBuildFile; fileRef = 6252C2F32ABEC42F005CE71D /* MultipleContentsTableViewCell.swift */; };
		6252C2F62ABEC6FA005CE71D /* MealDetailFooterTableViewCell.swift in Sources */ = {isa = PBXBuildFile; fileRef = 6252C2F52ABEC6FA005CE71D /* MealDetailFooterTableViewCell.swift */; };
		6252C2F82ABEE09A005CE71D /* UIViewController+Height.swift in Sources */ = {isa = PBXBuildFile; fileRef = 6252C2F72ABEE09A005CE71D /* UIViewController+Height.swift */; };
		6252C2FA2ABEE186005CE71D /* SingleContentTableViewCell.swift in Sources */ = {isa = PBXBuildFile; fileRef = 6252C2F92ABEE186005CE71D /* SingleContentTableViewCell.swift */; };
		6252C2FC2ABEE7DF005CE71D /* ContentItemCollectionViewCell.swift in Sources */ = {isa = PBXBuildFile; fileRef = 6252C2FB2ABEE7DF005CE71D /* ContentItemCollectionViewCell.swift */; };
		6252C2FE2ABF025A005CE71D /* PanZoomImageView.swift in Sources */ = {isa = PBXBuildFile; fileRef = 6252C2FD2ABF025A005CE71D /* PanZoomImageView.swift */; };
		6252C3012ABF1C27005CE71D /* ErrorView.swift in Sources */ = {isa = PBXBuildFile; fileRef = 6252C3002ABF1C27005CE71D /* ErrorView.swift */; };
		62C961002ABD6B130072C8FA /* AppDelegate.swift in Sources */ = {isa = PBXBuildFile; fileRef = 62C960FF2ABD6B130072C8FA /* AppDelegate.swift */; };
		62C961022ABD6B130072C8FA /* SceneDelegate.swift in Sources */ = {isa = PBXBuildFile; fileRef = 62C961012ABD6B130072C8FA /* SceneDelegate.swift */; };
		62C961092ABD6B180072C8FA /* Assets.xcassets in Resources */ = {isa = PBXBuildFile; fileRef = 62C961082ABD6B180072C8FA /* Assets.xcassets */; };
		62C9610C2ABD6B180072C8FA /* LaunchScreen.storyboard in Resources */ = {isa = PBXBuildFile; fileRef = 62C9610A2ABD6B180072C8FA /* LaunchScreen.storyboard */; };
		62C961172ABD6B190072C8FA /* MealsTests.swift in Sources */ = {isa = PBXBuildFile; fileRef = 62C961162ABD6B190072C8FA /* MealsTests.swift */; };
		62C961372ABDAF600072C8FA /* ApiClient.swift in Sources */ = {isa = PBXBuildFile; fileRef = 62C961362ABDAF600072C8FA /* ApiClient.swift */; };
		62C961392ABDAF700072C8FA /* MealsRepository.swift in Sources */ = {isa = PBXBuildFile; fileRef = 62C961382ABDAF700072C8FA /* MealsRepository.swift */; };
		62C9613B2ABDAF7F0072C8FA /* MealsRepositoryProtocol.swift in Sources */ = {isa = PBXBuildFile; fileRef = 62C9613A2ABDAF7F0072C8FA /* MealsRepositoryProtocol.swift */; };
		62C9613D2ABDB0090072C8FA /* MealsResponseModel.swift in Sources */ = {isa = PBXBuildFile; fileRef = 62C9613C2ABDB0090072C8FA /* MealsResponseModel.swift */; };
		62C961402ABDB2890072C8FA /* BaseErrors.swift in Sources */ = {isa = PBXBuildFile; fileRef = 62C9613F2ABDB2890072C8FA /* BaseErrors.swift */; };
		62C961442ABDB2A50072C8FA /* Constants.swift in Sources */ = {isa = PBXBuildFile; fileRef = 62C961432ABDB2A50072C8FA /* Constants.swift */; };
		62C961482ABDB3DD0072C8FA /* MealModel.swift in Sources */ = {isa = PBXBuildFile; fileRef = 62C961472ABDB3DD0072C8FA /* MealModel.swift */; };
		62C9614A2ABDB67D0072C8FA /* FetchMealsByLetterUseCase.swift in Sources */ = {isa = PBXBuildFile; fileRef = 62C961492ABDB67D0072C8FA /* FetchMealsByLetterUseCase.swift */; };
		62C9614D2ABDB69A0072C8FA /* FetchMealsByLetterUseCaseProtocol.swift in Sources */ = {isa = PBXBuildFile; fileRef = 62C9614C2ABDB69A0072C8FA /* FetchMealsByLetterUseCaseProtocol.swift */; };
		62C961502ABDB7220072C8FA /* GetMealByIdUseCase.swift in Sources */ = {isa = PBXBuildFile; fileRef = 62C9614F2ABDB7220072C8FA /* GetMealByIdUseCase.swift */; };
		62C961522ABDB7340072C8FA /* GetMealByIdUseCaseProtocol.swift in Sources */ = {isa = PBXBuildFile; fileRef = 62C961512ABDB7340072C8FA /* GetMealByIdUseCaseProtocol.swift */; };
		62C961562ABDB8920072C8FA /* MealListWireframe.swift in Sources */ = {isa = PBXBuildFile; fileRef = 62C961552ABDB8920072C8FA /* MealListWireframe.swift */; };
		62C961582ABDB89E0072C8FA /* MealListViewModel.swift in Sources */ = {isa = PBXBuildFile; fileRef = 62C961572ABDB89E0072C8FA /* MealListViewModel.swift */; };
		62C9615A2ABDB8B10072C8FA /* MealListViewModelProtocol.swift in Sources */ = {isa = PBXBuildFile; fileRef = 62C961592ABDB8B10072C8FA /* MealListViewModelProtocol.swift */; };
		62C9615C2ABDB8C00072C8FA /* MealListViewController.swift in Sources */ = {isa = PBXBuildFile; fileRef = 62C9615B2ABDB8C00072C8FA /* MealListViewController.swift */; };
		62C9615E2ABDBA8D0072C8FA /* MealDetailViewController.swift in Sources */ = {isa = PBXBuildFile; fileRef = 62C9615D2ABDBA8D0072C8FA /* MealDetailViewController.swift */; };
		62C961602ABDBA9D0072C8FA /* MealDetailWireframe.swift in Sources */ = {isa = PBXBuildFile; fileRef = 62C9615F2ABDBA9D0072C8FA /* MealDetailWireframe.swift */; };
		62C961622ABDBAA70072C8FA /* MealDetailViewModel.swift in Sources */ = {isa = PBXBuildFile; fileRef = 62C961612ABDBAA70072C8FA /* MealDetailViewModel.swift */; };
		62C961642ABDBAB40072C8FA /* MealDetailViewModelProtocol.swift in Sources */ = {isa = PBXBuildFile; fileRef = 62C961632ABDBAB40072C8FA /* MealDetailViewModelProtocol.swift */; };
		62C961672ABDC02E0072C8FA /* UIScrollView+Reload.swift in Sources */ = {isa = PBXBuildFile; fileRef = 62C961662ABDC02E0072C8FA /* UIScrollView+Reload.swift */; };
		62C9616C2ABDC0AC0072C8FA /* LoadingView.swift in Sources */ = {isa = PBXBuildFile; fileRef = 62C9616B2ABDC0AC0072C8FA /* LoadingView.swift */; };
		62C9616E2ABDC0C50072C8FA /* UIView+Corner.swift in Sources */ = {isa = PBXBuildFile; fileRef = 62C9616D2ABDC0C50072C8FA /* UIView+Corner.swift */; };
		62C961742ABDDDDD0072C8FA /* ThumbnailCollectionViewCell.swift in Sources */ = {isa = PBXBuildFile; fileRef = 62C961732ABDDDDD0072C8FA /* ThumbnailCollectionViewCell.swift */; };
		62C961762ABDDF240072C8FA /* UIViewController+Alert.swift in Sources */ = {isa = PBXBuildFile; fileRef = 62C961752ABDDF240072C8FA /* UIViewController+Alert.swift */; };
		62C961782ABDE0660072C8FA /* HeaderReusableView.swift in Sources */ = {isa = PBXBuildFile; fileRef = 62C961772ABDE0660072C8FA /* HeaderReusableView.swift */; };
		62C9617D2ABDE3610072C8FA /* MealListConfigViewController.swift in Sources */ = {isa = PBXBuildFile; fileRef = 62C9617C2ABDE3610072C8FA /* MealListConfigViewController.swift */; };
		62C961802ABDF14D0072C8FA /* SearchViewController.swift in Sources */ = {isa = PBXBuildFile; fileRef = 62C9617F2ABDF14D0072C8FA /* SearchViewController.swift */; };
		62C961822ABDF1570072C8FA /* SearchWireframe.swift in Sources */ = {isa = PBXBuildFile; fileRef = 62C961812ABDF1570072C8FA /* SearchWireframe.swift */; };
		62C961842ABDF1610072C8FA /* SearchViewModel.swift in Sources */ = {isa = PBXBuildFile; fileRef = 62C961832ABDF1610072C8FA /* SearchViewModel.swift */; };
		62C961862ABDF16B0072C8FA /* SearchViewModelProtocol.swift in Sources */ = {isa = PBXBuildFile; fileRef = 62C961852ABDF16B0072C8FA /* SearchViewModelProtocol.swift */; };
		62C961892ABDF20A0072C8FA /* SearchMealsUseCaseProtocol.swift in Sources */ = {isa = PBXBuildFile; fileRef = 62C961882ABDF20A0072C8FA /* SearchMealsUseCaseProtocol.swift */; };
		62C9618B2ABDF2320072C8FA /* SearchMealsUseCase.swift in Sources */ = {isa = PBXBuildFile; fileRef = 62C9618A2ABDF2320072C8FA /* SearchMealsUseCase.swift */; };
		62C9618D2ABDF3BD0072C8FA /* UIViewController+Keyboard.swift in Sources */ = {isa = PBXBuildFile; fileRef = 62C9618C2ABDF3BD0072C8FA /* UIViewController+Keyboard.swift */; };
		870CBD3B561A0A9922648054 /* Pods_MealsTests.framework in Frameworks */ = {isa = PBXBuildFile; fileRef = 1AA0AB7C572548E4E9F8EC21 /* Pods_MealsTests.framework */; };
/* End PBXBuildFile section */

/* Begin PBXContainerItemProxy section */
		62C961132ABD6B190072C8FA /* PBXContainerItemProxy */ = {
			isa = PBXContainerItemProxy;
			containerPortal = 62C960F42ABD6B130072C8FA /* Project object */;
			proxyType = 1;
			remoteGlobalIDString = 62C960FB2ABD6B130072C8FA;
			remoteInfo = Meals;
		};
/* End PBXContainerItemProxy section */

/* Begin PBXFileReference section */
		1AA0AB7C572548E4E9F8EC21 /* Pods_MealsTests.framework */ = {isa = PBXFileReference; explicitFileType = wrapper.framework; includeInIndex = 0; path = Pods_MealsTests.framework; sourceTree = BUILT_PRODUCTS_DIR; };
		607A6500DC27A0DE8F631A26 /* Pods-MealsTests.debug.xcconfig */ = {isa = PBXFileReference; includeInIndex = 1; lastKnownFileType = text.xcconfig; name = "Pods-MealsTests.debug.xcconfig"; path = "Target Support Files/Pods-MealsTests/Pods-MealsTests.debug.xcconfig"; sourceTree = "<group>"; };
		6252C2F12ABEC37D005CE71D /* MealDetailHeaderTableViewCell.swift */ = {isa = PBXFileReference; lastKnownFileType = sourcecode.swift; path = MealDetailHeaderTableViewCell.swift; sourceTree = "<group>"; };
		6252C2F32ABEC42F005CE71D /* MultipleContentsTableViewCell.swift */ = {isa = PBXFileReference; lastKnownFileType = sourcecode.swift; path = MultipleContentsTableViewCell.swift; sourceTree = "<group>"; };
		6252C2F52ABEC6FA005CE71D /* MealDetailFooterTableViewCell.swift */ = {isa = PBXFileReference; lastKnownFileType = sourcecode.swift; path = MealDetailFooterTableViewCell.swift; sourceTree = "<group>"; };
		6252C2F72ABEE09A005CE71D /* UIViewController+Height.swift */ = {isa = PBXFileReference; lastKnownFileType = sourcecode.swift; path = "UIViewController+Height.swift"; sourceTree = "<group>"; };
		6252C2F92ABEE186005CE71D /* SingleContentTableViewCell.swift */ = {isa = PBXFileReference; lastKnownFileType = sourcecode.swift; path = SingleContentTableViewCell.swift; sourceTree = "<group>"; };
		6252C2FB2ABEE7DF005CE71D /* ContentItemCollectionViewCell.swift */ = {isa = PBXFileReference; lastKnownFileType = sourcecode.swift; path = ContentItemCollectionViewCell.swift; sourceTree = "<group>"; };
		6252C2FD2ABF025A005CE71D /* PanZoomImageView.swift */ = {isa = PBXFileReference; lastKnownFileType = sourcecode.swift; path = PanZoomImageView.swift; sourceTree = "<group>"; };
		6252C3002ABF1C27005CE71D /* ErrorView.swift */ = {isa = PBXFileReference; lastKnownFileType = sourcecode.swift; path = ErrorView.swift; sourceTree = "<group>"; };
		62C960FC2ABD6B130072C8FA /* Meals.app */ = {isa = PBXFileReference; explicitFileType = wrapper.application; includeInIndex = 0; path = Meals.app; sourceTree = BUILT_PRODUCTS_DIR; };
		62C960FF2ABD6B130072C8FA /* AppDelegate.swift */ = {isa = PBXFileReference; lastKnownFileType = sourcecode.swift; path = AppDelegate.swift; sourceTree = "<group>"; };
		62C961012ABD6B130072C8FA /* SceneDelegate.swift */ = {isa = PBXFileReference; lastKnownFileType = sourcecode.swift; path = SceneDelegate.swift; sourceTree = "<group>"; };
		62C961082ABD6B180072C8FA /* Assets.xcassets */ = {isa = PBXFileReference; lastKnownFileType = folder.assetcatalog; path = Assets.xcassets; sourceTree = "<group>"; };
		62C9610B2ABD6B180072C8FA /* Base */ = {isa = PBXFileReference; lastKnownFileType = file.storyboard; name = Base; path = Base.lproj/LaunchScreen.storyboard; sourceTree = "<group>"; };
		62C9610D2ABD6B180072C8FA /* Info.plist */ = {isa = PBXFileReference; lastKnownFileType = text.plist.xml; path = Info.plist; sourceTree = "<group>"; };
		62C961122ABD6B190072C8FA /* MealsTests.xctest */ = {isa = PBXFileReference; explicitFileType = wrapper.cfbundle; includeInIndex = 0; path = MealsTests.xctest; sourceTree = BUILT_PRODUCTS_DIR; };
		62C961162ABD6B190072C8FA /* MealsTests.swift */ = {isa = PBXFileReference; lastKnownFileType = sourcecode.swift; path = MealsTests.swift; sourceTree = "<group>"; };
		62C961362ABDAF600072C8FA /* ApiClient.swift */ = {isa = PBXFileReference; lastKnownFileType = sourcecode.swift; path = ApiClient.swift; sourceTree = "<group>"; };
		62C961382ABDAF700072C8FA /* MealsRepository.swift */ = {isa = PBXFileReference; lastKnownFileType = sourcecode.swift; path = MealsRepository.swift; sourceTree = "<group>"; };
		62C9613A2ABDAF7F0072C8FA /* MealsRepositoryProtocol.swift */ = {isa = PBXFileReference; lastKnownFileType = sourcecode.swift; path = MealsRepositoryProtocol.swift; sourceTree = "<group>"; };
		62C9613C2ABDB0090072C8FA /* MealsResponseModel.swift */ = {isa = PBXFileReference; lastKnownFileType = sourcecode.swift; path = MealsResponseModel.swift; sourceTree = "<group>"; };
		62C9613F2ABDB2890072C8FA /* BaseErrors.swift */ = {isa = PBXFileReference; lastKnownFileType = sourcecode.swift; path = BaseErrors.swift; sourceTree = "<group>"; };
		62C961432ABDB2A50072C8FA /* Constants.swift */ = {isa = PBXFileReference; lastKnownFileType = sourcecode.swift; path = Constants.swift; sourceTree = "<group>"; };
		62C961472ABDB3DD0072C8FA /* MealModel.swift */ = {isa = PBXFileReference; lastKnownFileType = sourcecode.swift; path = MealModel.swift; sourceTree = "<group>"; };
		62C961492ABDB67D0072C8FA /* FetchMealsByLetterUseCase.swift */ = {isa = PBXFileReference; lastKnownFileType = sourcecode.swift; path = FetchMealsByLetterUseCase.swift; sourceTree = "<group>"; };
		62C9614C2ABDB69A0072C8FA /* FetchMealsByLetterUseCaseProtocol.swift */ = {isa = PBXFileReference; lastKnownFileType = sourcecode.swift; path = FetchMealsByLetterUseCaseProtocol.swift; sourceTree = "<group>"; };
		62C9614F2ABDB7220072C8FA /* GetMealByIdUseCase.swift */ = {isa = PBXFileReference; lastKnownFileType = sourcecode.swift; path = GetMealByIdUseCase.swift; sourceTree = "<group>"; };
		62C961512ABDB7340072C8FA /* GetMealByIdUseCaseProtocol.swift */ = {isa = PBXFileReference; lastKnownFileType = sourcecode.swift; path = GetMealByIdUseCaseProtocol.swift; sourceTree = "<group>"; };
		62C961552ABDB8920072C8FA /* MealListWireframe.swift */ = {isa = PBXFileReference; lastKnownFileType = sourcecode.swift; path = MealListWireframe.swift; sourceTree = "<group>"; };
		62C961572ABDB89E0072C8FA /* MealListViewModel.swift */ = {isa = PBXFileReference; lastKnownFileType = sourcecode.swift; path = MealListViewModel.swift; sourceTree = "<group>"; };
		62C961592ABDB8B10072C8FA /* MealListViewModelProtocol.swift */ = {isa = PBXFileReference; lastKnownFileType = sourcecode.swift; path = MealListViewModelProtocol.swift; sourceTree = "<group>"; };
		62C9615B2ABDB8C00072C8FA /* MealListViewController.swift */ = {isa = PBXFileReference; lastKnownFileType = sourcecode.swift; path = MealListViewController.swift; sourceTree = "<group>"; };
		62C9615D2ABDBA8D0072C8FA /* MealDetailViewController.swift */ = {isa = PBXFileReference; lastKnownFileType = sourcecode.swift; path = MealDetailViewController.swift; sourceTree = "<group>"; };
		62C9615F2ABDBA9D0072C8FA /* MealDetailWireframe.swift */ = {isa = PBXFileReference; lastKnownFileType = sourcecode.swift; path = MealDetailWireframe.swift; sourceTree = "<group>"; };
		62C961612ABDBAA70072C8FA /* MealDetailViewModel.swift */ = {isa = PBXFileReference; lastKnownFileType = sourcecode.swift; path = MealDetailViewModel.swift; sourceTree = "<group>"; };
		62C961632ABDBAB40072C8FA /* MealDetailViewModelProtocol.swift */ = {isa = PBXFileReference; lastKnownFileType = sourcecode.swift; path = MealDetailViewModelProtocol.swift; sourceTree = "<group>"; };
		62C961662ABDC02E0072C8FA /* UIScrollView+Reload.swift */ = {isa = PBXFileReference; lastKnownFileType = sourcecode.swift; path = "UIScrollView+Reload.swift"; sourceTree = "<group>"; };
		62C9616B2ABDC0AC0072C8FA /* LoadingView.swift */ = {isa = PBXFileReference; lastKnownFileType = sourcecode.swift; path = LoadingView.swift; sourceTree = "<group>"; };
		62C9616D2ABDC0C50072C8FA /* UIView+Corner.swift */ = {isa = PBXFileReference; lastKnownFileType = sourcecode.swift; path = "UIView+Corner.swift"; sourceTree = "<group>"; };
		62C961732ABDDDDD0072C8FA /* ThumbnailCollectionViewCell.swift */ = {isa = PBXFileReference; lastKnownFileType = sourcecode.swift; path = ThumbnailCollectionViewCell.swift; sourceTree = "<group>"; };
		62C961752ABDDF240072C8FA /* UIViewController+Alert.swift */ = {isa = PBXFileReference; lastKnownFileType = sourcecode.swift; path = "UIViewController+Alert.swift"; sourceTree = "<group>"; };
		62C961772ABDE0660072C8FA /* HeaderReusableView.swift */ = {isa = PBXFileReference; lastKnownFileType = sourcecode.swift; path = HeaderReusableView.swift; sourceTree = "<group>"; };
		62C9617C2ABDE3610072C8FA /* MealListConfigViewController.swift */ = {isa = PBXFileReference; lastKnownFileType = sourcecode.swift; path = MealListConfigViewController.swift; sourceTree = "<group>"; };
		62C9617F2ABDF14D0072C8FA /* SearchViewController.swift */ = {isa = PBXFileReference; lastKnownFileType = sourcecode.swift; path = SearchViewController.swift; sourceTree = "<group>"; };
		62C961812ABDF1570072C8FA /* SearchWireframe.swift */ = {isa = PBXFileReference; lastKnownFileType = sourcecode.swift; path = SearchWireframe.swift; sourceTree = "<group>"; };
		62C961832ABDF1610072C8FA /* SearchViewModel.swift */ = {isa = PBXFileReference; lastKnownFileType = sourcecode.swift; path = SearchViewModel.swift; sourceTree = "<group>"; };
		62C961852ABDF16B0072C8FA /* SearchViewModelProtocol.swift */ = {isa = PBXFileReference; lastKnownFileType = sourcecode.swift; path = SearchViewModelProtocol.swift; sourceTree = "<group>"; };
		62C961882ABDF20A0072C8FA /* SearchMealsUseCaseProtocol.swift */ = {isa = PBXFileReference; lastKnownFileType = sourcecode.swift; path = SearchMealsUseCaseProtocol.swift; sourceTree = "<group>"; };
		62C9618A2ABDF2320072C8FA /* SearchMealsUseCase.swift */ = {isa = PBXFileReference; lastKnownFileType = sourcecode.swift; path = SearchMealsUseCase.swift; sourceTree = "<group>"; };
		62C9618C2ABDF3BD0072C8FA /* UIViewController+Keyboard.swift */ = {isa = PBXFileReference; lastKnownFileType = sourcecode.swift; path = "UIViewController+Keyboard.swift"; sourceTree = "<group>"; };
		7C5C5D4BFE76058794D42E03 /* Pods_Meals.framework */ = {isa = PBXFileReference; explicitFileType = wrapper.framework; includeInIndex = 0; path = Pods_Meals.framework; sourceTree = BUILT_PRODUCTS_DIR; };
		90A252F720A9C563E2D75C6F /* Pods-Meals.release.xcconfig */ = {isa = PBXFileReference; includeInIndex = 1; lastKnownFileType = text.xcconfig; name = "Pods-Meals.release.xcconfig"; path = "Target Support Files/Pods-Meals/Pods-Meals.release.xcconfig"; sourceTree = "<group>"; };
		9DAADE0D1547814FF5608ED3 /* Pods-Meals.debug.xcconfig */ = {isa = PBXFileReference; includeInIndex = 1; lastKnownFileType = text.xcconfig; name = "Pods-Meals.debug.xcconfig"; path = "Target Support Files/Pods-Meals/Pods-Meals.debug.xcconfig"; sourceTree = "<group>"; };
		C0F047A810E9414A051D32C3 /* Pods-MealsTests.release.xcconfig */ = {isa = PBXFileReference; includeInIndex = 1; lastKnownFileType = text.xcconfig; name = "Pods-MealsTests.release.xcconfig"; path = "Target Support Files/Pods-MealsTests/Pods-MealsTests.release.xcconfig"; sourceTree = "<group>"; };
/* End PBXFileReference section */

/* Begin PBXFrameworksBuildPhase section */
		62C960F92ABD6B130072C8FA /* Frameworks */ = {
			isa = PBXFrameworksBuildPhase;
			buildActionMask = 2147483647;
			files = (
				47DB044594DFD40DDBA217B1 /* Pods_Meals.framework in Frameworks */,
			);
			runOnlyForDeploymentPostprocessing = 0;
		};
		62C9610F2ABD6B190072C8FA /* Frameworks */ = {
			isa = PBXFrameworksBuildPhase;
			buildActionMask = 2147483647;
			files = (
				870CBD3B561A0A9922648054 /* Pods_MealsTests.framework in Frameworks */,
			);
			runOnlyForDeploymentPostprocessing = 0;
		};
/* End PBXFrameworksBuildPhase section */

/* Begin PBXGroup section */
		16471220C8916DFC339BCB11 /* Pods */ = {
			isa = PBXGroup;
			children = (
				9DAADE0D1547814FF5608ED3 /* Pods-Meals.debug.xcconfig */,
				90A252F720A9C563E2D75C6F /* Pods-Meals.release.xcconfig */,
				607A6500DC27A0DE8F631A26 /* Pods-MealsTests.debug.xcconfig */,
				C0F047A810E9414A051D32C3 /* Pods-MealsTests.release.xcconfig */,
			);
			path = Pods;
			sourceTree = "<group>";
		};
		6252C2ED2ABEC302005CE71D /* ReusableViews */ = {
			isa = PBXGroup;
			children = (
				62C961772ABDE0660072C8FA /* HeaderReusableView.swift */,
			);
			path = ReusableViews;
			sourceTree = "<group>";
		};
		6252C2EE2ABEC310005CE71D /* CollectionViewCells */ = {
			isa = PBXGroup;
			children = (
				62C961732ABDDDDD0072C8FA /* ThumbnailCollectionViewCell.swift */,
				6252C2FB2ABEE7DF005CE71D /* ContentItemCollectionViewCell.swift */,
			);
			path = CollectionViewCells;
			sourceTree = "<group>";
		};
		6252C2EF2ABEC318005CE71D /* TableViewCells */ = {
			isa = PBXGroup;
			children = (
				6252C2F32ABEC42F005CE71D /* MultipleContentsTableViewCell.swift */,
				6252C2F92ABEE186005CE71D /* SingleContentTableViewCell.swift */,
			);
			path = TableViewCells;
			sourceTree = "<group>";
		};
		6252C2F02ABEC333005CE71D /* Cells */ = {
			isa = PBXGroup;
			children = (
				6252C2F12ABEC37D005CE71D /* MealDetailHeaderTableViewCell.swift */,
				6252C2F52ABEC6FA005CE71D /* MealDetailFooterTableViewCell.swift */,
			);
			path = Cells;
			sourceTree = "<group>";
		};
		62C960F32ABD6B130072C8FA = {
			isa = PBXGroup;
			children = (
				62C960FE2ABD6B130072C8FA /* Meals */,
				62C961152ABD6B190072C8FA /* MealsTests */,
				62C960FD2ABD6B130072C8FA /* Products */,
				16471220C8916DFC339BCB11 /* Pods */,
				E24A9691686A662C2569ACA2 /* Frameworks */,
			);
			sourceTree = "<group>";
		};
		62C960FD2ABD6B130072C8FA /* Products */ = {
			isa = PBXGroup;
			children = (
				62C960FC2ABD6B130072C8FA /* Meals.app */,
				62C961122ABD6B190072C8FA /* MealsTests.xctest */,
			);
			name = Products;
			sourceTree = "<group>";
		};
		62C960FE2ABD6B130072C8FA /* Meals */ = {
			isa = PBXGroup;
			children = (
				62C9613E2ABDB27F0072C8FA /* Common */,
				62C961322ABDAEEA0072C8FA /* Presentation */,
				62C961312ABDAEE50072C8FA /* Data */,
				62C961302ABDAEE00072C8FA /* Domain */,
				62C9612F2ABDAECA0072C8FA /* Application */,
				62C9610D2ABD6B180072C8FA /* Info.plist */,
			);
			path = Meals;
			sourceTree = "<group>";
		};
		62C961152ABD6B190072C8FA /* MealsTests */ = {
			isa = PBXGroup;
			children = (
				62C961162ABD6B190072C8FA /* MealsTests.swift */,
			);
			path = MealsTests;
			sourceTree = "<group>";
		};
		62C9612F2ABDAECA0072C8FA /* Application */ = {
			isa = PBXGroup;
			children = (
				62C961082ABD6B180072C8FA /* Assets.xcassets */,
				62C9610A2ABD6B180072C8FA /* LaunchScreen.storyboard */,
				62C960FF2ABD6B130072C8FA /* AppDelegate.swift */,
				62C961012ABD6B130072C8FA /* SceneDelegate.swift */,
			);
			path = Application;
			sourceTree = "<group>";
		};
		62C961302ABDAEE00072C8FA /* Domain */ = {
			isa = PBXGroup;
			children = (
				62C961462ABDB3A50072C8FA /* Models */,
				62C961452ABDB3A00072C8FA /* UseCases */,
			);
			path = Domain;
			sourceTree = "<group>";
		};
		62C961312ABDAEE50072C8FA /* Data */ = {
			isa = PBXGroup;
			children = (
				62C961352ABDAF4E0072C8FA /* ResponseModels */,
				62C961342ABDAF460072C8FA /* Repositories */,
				62C961332ABDAF3F0072C8FA /* NetworkService */,
			);
			path = Data;
			sourceTree = "<group>";
		};
		62C961322ABDAEEA0072C8FA /* Presentation */ = {
			isa = PBXGroup;
			children = (
				62C9617E2ABDF1330072C8FA /* Search */,
				62C9617B2ABDE33D0072C8FA /* MealListConfig */,
				62C961682ABDC0730072C8FA /* Reusables */,
				62C961542ABDB8790072C8FA /* MealDetail */,
				62C961532ABDB86D0072C8FA /* MealList */,
			);
			path = Presentation;
			sourceTree = "<group>";
		};
		62C961332ABDAF3F0072C8FA /* NetworkService */ = {
			isa = PBXGroup;
			children = (
				62C961362ABDAF600072C8FA /* ApiClient.swift */,
			);
			path = NetworkService;
			sourceTree = "<group>";
		};
		62C961342ABDAF460072C8FA /* Repositories */ = {
			isa = PBXGroup;
			children = (
				62C961382ABDAF700072C8FA /* MealsRepository.swift */,
				62C9613A2ABDAF7F0072C8FA /* MealsRepositoryProtocol.swift */,
			);
			path = Repositories;
			sourceTree = "<group>";
		};
		62C961352ABDAF4E0072C8FA /* ResponseModels */ = {
			isa = PBXGroup;
			children = (
				62C9613C2ABDB0090072C8FA /* MealsResponseModel.swift */,
			);
			path = ResponseModels;
			sourceTree = "<group>";
		};
		62C9613E2ABDB27F0072C8FA /* Common */ = {
			isa = PBXGroup;
			children = (
				62C9613F2ABDB2890072C8FA /* BaseErrors.swift */,
				62C961432ABDB2A50072C8FA /* Constants.swift */,
				62C961422ABDB2960072C8FA /* Helpers */,
			);
			path = Common;
			sourceTree = "<group>";
		};
		62C961422ABDB2960072C8FA /* Helpers */ = {
			isa = PBXGroup;
			children = (
				62C961652ABDC0130072C8FA /* Extensions */,
			);
			path = Helpers;
			sourceTree = "<group>";
		};
		62C961452ABDB3A00072C8FA /* UseCases */ = {
			isa = PBXGroup;
			children = (
				62C961872ABDF1F40072C8FA /* SearchMealsUseCase */,
				62C9614E2ABDB7100072C8FA /* GetMealByIdUseCase */,
				62C9614B2ABDB68D0072C8FA /* FetchMealsByLetterUseCase */,
			);
			path = UseCases;
			sourceTree = "<group>";
		};
		62C961462ABDB3A50072C8FA /* Models */ = {
			isa = PBXGroup;
			children = (
				62C961472ABDB3DD0072C8FA /* MealModel.swift */,
			);
			path = Models;
			sourceTree = "<group>";
		};
		62C9614B2ABDB68D0072C8FA /* FetchMealsByLetterUseCase */ = {
			isa = PBXGroup;
			children = (
				62C961492ABDB67D0072C8FA /* FetchMealsByLetterUseCase.swift */,
				62C9614C2ABDB69A0072C8FA /* FetchMealsByLetterUseCaseProtocol.swift */,
			);
			path = FetchMealsByLetterUseCase;
			sourceTree = "<group>";
		};
		62C9614E2ABDB7100072C8FA /* GetMealByIdUseCase */ = {
			isa = PBXGroup;
			children = (
				62C9614F2ABDB7220072C8FA /* GetMealByIdUseCase.swift */,
				62C961512ABDB7340072C8FA /* GetMealByIdUseCaseProtocol.swift */,
			);
			path = GetMealByIdUseCase;
			sourceTree = "<group>";
		};
		62C961532ABDB86D0072C8FA /* MealList */ = {
			isa = PBXGroup;
			children = (
				62C961552ABDB8920072C8FA /* MealListWireframe.swift */,
				62C961572ABDB89E0072C8FA /* MealListViewModel.swift */,
				62C961592ABDB8B10072C8FA /* MealListViewModelProtocol.swift */,
				62C9615B2ABDB8C00072C8FA /* MealListViewController.swift */,
			);
			path = MealList;
			sourceTree = "<group>";
		};
		62C961542ABDB8790072C8FA /* MealDetail */ = {
			isa = PBXGroup;
			children = (
				6252C2F02ABEC333005CE71D /* Cells */,
				62C9615D2ABDBA8D0072C8FA /* MealDetailViewController.swift */,
				62C9615F2ABDBA9D0072C8FA /* MealDetailWireframe.swift */,
				62C961612ABDBAA70072C8FA /* MealDetailViewModel.swift */,
				62C961632ABDBAB40072C8FA /* MealDetailViewModelProtocol.swift */,
			);
			path = MealDetail;
			sourceTree = "<group>";
		};
		62C961652ABDC0130072C8FA /* Extensions */ = {
			isa = PBXGroup;
			children = (
				62C961662ABDC02E0072C8FA /* UIScrollView+Reload.swift */,
				62C9616D2ABDC0C50072C8FA /* UIView+Corner.swift */,
				62C961752ABDDF240072C8FA /* UIViewController+Alert.swift */,
				62C9618C2ABDF3BD0072C8FA /* UIViewController+Keyboard.swift */,
				6252C2F72ABEE09A005CE71D /* UIViewController+Height.swift */,
			);
			path = Extensions;
			sourceTree = "<group>";
		};
		62C961682ABDC0730072C8FA /* Reusables */ = {
			isa = PBXGroup;
			children = (
				62C9616A2ABDC0850072C8FA /* Cells */,
				62C961692ABDC0810072C8FA /* Views */,
			);
			path = Reusables;
			sourceTree = "<group>";
		};
		62C961692ABDC0810072C8FA /* Views */ = {
			isa = PBXGroup;
			children = (
				62C9616B2ABDC0AC0072C8FA /* LoadingView.swift */,
				6252C2FD2ABF025A005CE71D /* PanZoomImageView.swift */,
				6252C3002ABF1C27005CE71D /* ErrorView.swift */,
			);
			path = Views;
			sourceTree = "<group>";
		};
		62C9616A2ABDC0850072C8FA /* Cells */ = {
			isa = PBXGroup;
			children = (
				6252C2EF2ABEC318005CE71D /* TableViewCells */,
				6252C2EE2ABEC310005CE71D /* CollectionViewCells */,
				6252C2ED2ABEC302005CE71D /* ReusableViews */,
			);
			path = Cells;
			sourceTree = "<group>";
		};
		62C9617B2ABDE33D0072C8FA /* MealListConfig */ = {
			isa = PBXGroup;
			children = (
				62C9617C2ABDE3610072C8FA /* MealListConfigViewController.swift */,
			);
			path = MealListConfig;
			sourceTree = "<group>";
		};
		62C9617E2ABDF1330072C8FA /* Search */ = {
			isa = PBXGroup;
			children = (
				62C9617F2ABDF14D0072C8FA /* SearchViewController.swift */,
				62C961812ABDF1570072C8FA /* SearchWireframe.swift */,
				62C961832ABDF1610072C8FA /* SearchViewModel.swift */,
				62C961852ABDF16B0072C8FA /* SearchViewModelProtocol.swift */,
			);
			path = Search;
			sourceTree = "<group>";
		};
		62C961872ABDF1F40072C8FA /* SearchMealsUseCase */ = {
			isa = PBXGroup;
			children = (
				62C961882ABDF20A0072C8FA /* SearchMealsUseCaseProtocol.swift */,
				62C9618A2ABDF2320072C8FA /* SearchMealsUseCase.swift */,
			);
			path = SearchMealsUseCase;
			sourceTree = "<group>";
		};
		E24A9691686A662C2569ACA2 /* Frameworks */ = {
			isa = PBXGroup;
			children = (
				7C5C5D4BFE76058794D42E03 /* Pods_Meals.framework */,
				1AA0AB7C572548E4E9F8EC21 /* Pods_MealsTests.framework */,
			);
			name = Frameworks;
			sourceTree = "<group>";
		};
/* End PBXGroup section */

/* Begin PBXNativeTarget section */
		62C960FB2ABD6B130072C8FA /* Meals */ = {
			isa = PBXNativeTarget;
			buildConfigurationList = 62C961262ABD6B190072C8FA /* Build configuration list for PBXNativeTarget "Meals" */;
			buildPhases = (
				F5C4FFB0F30248373AE4B03E /* [CP] Check Pods Manifest.lock */,
				62C960F82ABD6B130072C8FA /* Sources */,
				62C960F92ABD6B130072C8FA /* Frameworks */,
				62C960FA2ABD6B130072C8FA /* Resources */,
				486831BFD723B7F86F9BBE99 /* [CP] Embed Pods Frameworks */,
			);
			buildRules = (
			);
			dependencies = (
			);
			name = Meals;
			productName = Meals;
			productReference = 62C960FC2ABD6B130072C8FA /* Meals.app */;
			productType = "com.apple.product-type.application";
		};
		62C961112ABD6B190072C8FA /* MealsTests */ = {
			isa = PBXNativeTarget;
			buildConfigurationList = 62C961292ABD6B190072C8FA /* Build configuration list for PBXNativeTarget "MealsTests" */;
			buildPhases = (
				8825B3DFBE4215061CCAB7E5 /* [CP] Check Pods Manifest.lock */,
				62C9610E2ABD6B190072C8FA /* Sources */,
				62C9610F2ABD6B190072C8FA /* Frameworks */,
				62C961102ABD6B190072C8FA /* Resources */,
				EFA1D3B8516E4D69581ABFCC /* [CP] Embed Pods Frameworks */,
			);
			buildRules = (
			);
			dependencies = (
				62C961142ABD6B190072C8FA /* PBXTargetDependency */,
			);
			name = MealsTests;
			productName = MealsTests;
			productReference = 62C961122ABD6B190072C8FA /* MealsTests.xctest */;
			productType = "com.apple.product-type.bundle.unit-test";
		};
/* End PBXNativeTarget section */

/* Begin PBXProject section */
		62C960F42ABD6B130072C8FA /* Project object */ = {
			isa = PBXProject;
			attributes = {
				BuildIndependentTargetsInParallel = 1;
				LastSwiftUpdateCheck = 1420;
				LastUpgradeCheck = 1420;
				TargetAttributes = {
					62C960FB2ABD6B130072C8FA = {
						CreatedOnToolsVersion = 14.2;
					};
					62C961112ABD6B190072C8FA = {
						CreatedOnToolsVersion = 14.2;
						TestTargetID = 62C960FB2ABD6B130072C8FA;
					};
				};
			};
			buildConfigurationList = 62C960F72ABD6B130072C8FA /* Build configuration list for PBXProject "Meals" */;
			compatibilityVersion = "Xcode 14.0";
			developmentRegion = en;
			hasScannedForEncodings = 0;
			knownRegions = (
				en,
				Base,
			);
			mainGroup = 62C960F32ABD6B130072C8FA;
			productRefGroup = 62C960FD2ABD6B130072C8FA /* Products */;
			projectDirPath = "";
			projectRoot = "";
			targets = (
				62C960FB2ABD6B130072C8FA /* Meals */,
				62C961112ABD6B190072C8FA /* MealsTests */,
			);
		};
/* End PBXProject section */

/* Begin PBXResourcesBuildPhase section */
		62C960FA2ABD6B130072C8FA /* Resources */ = {
			isa = PBXResourcesBuildPhase;
			buildActionMask = 2147483647;
			files = (
				62C9610C2ABD6B180072C8FA /* LaunchScreen.storyboard in Resources */,
				62C961092ABD6B180072C8FA /* Assets.xcassets in Resources */,
			);
			runOnlyForDeploymentPostprocessing = 0;
		};
		62C961102ABD6B190072C8FA /* Resources */ = {
			isa = PBXResourcesBuildPhase;
			buildActionMask = 2147483647;
			files = (
			);
			runOnlyForDeploymentPostprocessing = 0;
		};
/* End PBXResourcesBuildPhase section */

/* Begin PBXShellScriptBuildPhase section */
		486831BFD723B7F86F9BBE99 /* [CP] Embed Pods Frameworks */ = {
			isa = PBXShellScriptBuildPhase;
			buildActionMask = 2147483647;
			files = (
			);
			inputFileListPaths = (
				"${PODS_ROOT}/Target Support Files/Pods-Meals/Pods-Meals-frameworks-${CONFIGURATION}-input-files.xcfilelist",
			);
			name = "[CP] Embed Pods Frameworks";
			outputFileListPaths = (
				"${PODS_ROOT}/Target Support Files/Pods-Meals/Pods-Meals-frameworks-${CONFIGURATION}-output-files.xcfilelist",
			);
			runOnlyForDeploymentPostprocessing = 0;
			shellPath = /bin/sh;
			shellScript = "\"${PODS_ROOT}/Target Support Files/Pods-Meals/Pods-Meals-frameworks.sh\"\n";
			showEnvVarsInLog = 0;
		};
		8825B3DFBE4215061CCAB7E5 /* [CP] Check Pods Manifest.lock */ = {
			isa = PBXShellScriptBuildPhase;
			buildActionMask = 2147483647;
			files = (
			);
			inputFileListPaths = (
			);
			inputPaths = (
				"${PODS_PODFILE_DIR_PATH}/Podfile.lock",
				"${PODS_ROOT}/Manifest.lock",
			);
			name = "[CP] Check Pods Manifest.lock";
			outputFileListPaths = (
			);
			outputPaths = (
				"$(DERIVED_FILE_DIR)/Pods-MealsTests-checkManifestLockResult.txt",
			);
			runOnlyForDeploymentPostprocessing = 0;
			shellPath = /bin/sh;
			shellScript = "diff \"${PODS_PODFILE_DIR_PATH}/Podfile.lock\" \"${PODS_ROOT}/Manifest.lock\" > /dev/null\nif [ $? != 0 ] ; then\n    # print error to STDERR\n    echo \"error: The sandbox is not in sync with the Podfile.lock. Run 'pod install' or update your CocoaPods installation.\" >&2\n    exit 1\nfi\n# This output is used by Xcode 'outputs' to avoid re-running this script phase.\necho \"SUCCESS\" > \"${SCRIPT_OUTPUT_FILE_0}\"\n";
			showEnvVarsInLog = 0;
		};
		EFA1D3B8516E4D69581ABFCC /* [CP] Embed Pods Frameworks */ = {
			isa = PBXShellScriptBuildPhase;
			buildActionMask = 2147483647;
			files = (
			);
			inputFileListPaths = (
				"${PODS_ROOT}/Target Support Files/Pods-MealsTests/Pods-MealsTests-frameworks-${CONFIGURATION}-input-files.xcfilelist",
			);
			name = "[CP] Embed Pods Frameworks";
			outputFileListPaths = (
				"${PODS_ROOT}/Target Support Files/Pods-MealsTests/Pods-MealsTests-frameworks-${CONFIGURATION}-output-files.xcfilelist",
			);
			runOnlyForDeploymentPostprocessing = 0;
			shellPath = /bin/sh;
			shellScript = "\"${PODS_ROOT}/Target Support Files/Pods-MealsTests/Pods-MealsTests-frameworks.sh\"\n";
			showEnvVarsInLog = 0;
		};
		F5C4FFB0F30248373AE4B03E /* [CP] Check Pods Manifest.lock */ = {
			isa = PBXShellScriptBuildPhase;
			buildActionMask = 2147483647;
			files = (
			);
			inputFileListPaths = (
			);
			inputPaths = (
				"${PODS_PODFILE_DIR_PATH}/Podfile.lock",
				"${PODS_ROOT}/Manifest.lock",
			);
			name = "[CP] Check Pods Manifest.lock";
			outputFileListPaths = (
			);
			outputPaths = (
				"$(DERIVED_FILE_DIR)/Pods-Meals-checkManifestLockResult.txt",
			);
			runOnlyForDeploymentPostprocessing = 0;
			shellPath = /bin/sh;
			shellScript = "diff \"${PODS_PODFILE_DIR_PATH}/Podfile.lock\" \"${PODS_ROOT}/Manifest.lock\" > /dev/null\nif [ $? != 0 ] ; then\n    # print error to STDERR\n    echo \"error: The sandbox is not in sync with the Podfile.lock. Run 'pod install' or update your CocoaPods installation.\" >&2\n    exit 1\nfi\n# This output is used by Xcode 'outputs' to avoid re-running this script phase.\necho \"SUCCESS\" > \"${SCRIPT_OUTPUT_FILE_0}\"\n";
			showEnvVarsInLog = 0;
		};
/* End PBXShellScriptBuildPhase section */

/* Begin PBXSourcesBuildPhase section */
		62C960F82ABD6B130072C8FA /* Sources */ = {
			isa = PBXSourcesBuildPhase;
			buildActionMask = 2147483647;
			files = (
				62C961482ABDB3DD0072C8FA /* MealModel.swift in Sources */,
				62C961392ABDAF700072C8FA /* MealsRepository.swift in Sources */,
				62C9615E2ABDBA8D0072C8FA /* MealDetailViewController.swift in Sources */,
				6252C2FE2ABF025A005CE71D /* PanZoomImageView.swift in Sources */,
				6252C2F62ABEC6FA005CE71D /* MealDetailFooterTableViewCell.swift in Sources */,
				62C961762ABDDF240072C8FA /* UIViewController+Alert.swift in Sources */,
				62C961002ABD6B130072C8FA /* AppDelegate.swift in Sources */,
				6252C2FA2ABEE186005CE71D /* SingleContentTableViewCell.swift in Sources */,
				6252C2F42ABEC42F005CE71D /* MultipleContentsTableViewCell.swift in Sources */,
				62C9615A2ABDB8B10072C8FA /* MealListViewModelProtocol.swift in Sources */,
				62C961522ABDB7340072C8FA /* GetMealByIdUseCaseProtocol.swift in Sources */,
				62C9614D2ABDB69A0072C8FA /* FetchMealsByLetterUseCaseProtocol.swift in Sources */,
				62C9618B2ABDF2320072C8FA /* SearchMealsUseCase.swift in Sources */,
				62C961642ABDBAB40072C8FA /* MealDetailViewModelProtocol.swift in Sources */,
				62C9617D2ABDE3610072C8FA /* MealListConfigViewController.swift in Sources */,
				62C961402ABDB2890072C8FA /* BaseErrors.swift in Sources */,
				6252C2F22ABEC37D005CE71D /* MealDetailHeaderTableViewCell.swift in Sources */,
				62C9614A2ABDB67D0072C8FA /* FetchMealsByLetterUseCase.swift in Sources */,
				62C961862ABDF16B0072C8FA /* SearchViewModelProtocol.swift in Sources */,
				62C961022ABD6B130072C8FA /* SceneDelegate.swift in Sources */,
				62C961582ABDB89E0072C8FA /* MealListViewModel.swift in Sources */,
				62C961892ABDF20A0072C8FA /* SearchMealsUseCaseProtocol.swift in Sources */,
				62C961822ABDF1570072C8FA /* SearchWireframe.swift in Sources */,
				62C961672ABDC02E0072C8FA /* UIScrollView+Reload.swift in Sources */,
				62C961742ABDDDDD0072C8FA /* ThumbnailCollectionViewCell.swift in Sources */,
				62C961372ABDAF600072C8FA /* ApiClient.swift in Sources */,
				6252C2FC2ABEE7DF005CE71D /* ContentItemCollectionViewCell.swift in Sources */,
				62C9613D2ABDB0090072C8FA /* MealsResponseModel.swift in Sources */,
				62C961602ABDBA9D0072C8FA /* MealDetailWireframe.swift in Sources */,
				62C9615C2ABDB8C00072C8FA /* MealListViewController.swift in Sources */,
				6252C3012ABF1C27005CE71D /* ErrorView.swift in Sources */,
				6252C2F82ABEE09A005CE71D /* UIViewController+Height.swift in Sources */,
				62C961562ABDB8920072C8FA /* MealListWireframe.swift in Sources */,
				62C9618D2ABDF3BD0072C8FA /* UIViewController+Keyboard.swift in Sources */,
				62C9613B2ABDAF7F0072C8FA /* MealsRepositoryProtocol.swift in Sources */,
				62C961782ABDE0660072C8FA /* HeaderReusableView.swift in Sources */,
				62C961842ABDF1610072C8FA /* SearchViewModel.swift in Sources */,
				62C9616E2ABDC0C50072C8FA /* UIView+Corner.swift in Sources */,
				62C961502ABDB7220072C8FA /* GetMealByIdUseCase.swift in Sources */,
				62C961622ABDBAA70072C8FA /* MealDetailViewModel.swift in Sources */,
				62C961442ABDB2A50072C8FA /* Constants.swift in Sources */,
				62C9616C2ABDC0AC0072C8FA /* LoadingView.swift in Sources */,
				62C961802ABDF14D0072C8FA /* SearchViewController.swift in Sources */,
			);
			runOnlyForDeploymentPostprocessing = 0;
		};
		62C9610E2ABD6B190072C8FA /* Sources */ = {
			isa = PBXSourcesBuildPhase;
			buildActionMask = 2147483647;
			files = (
				62C961172ABD6B190072C8FA /* MealsTests.swift in Sources */,
			);
			runOnlyForDeploymentPostprocessing = 0;
		};
/* End PBXSourcesBuildPhase section */

/* Begin PBXTargetDependency section */
		62C961142ABD6B190072C8FA /* PBXTargetDependency */ = {
			isa = PBXTargetDependency;
			target = 62C960FB2ABD6B130072C8FA /* Meals */;
			targetProxy = 62C961132ABD6B190072C8FA /* PBXContainerItemProxy */;
		};
/* End PBXTargetDependency section */

/* Begin PBXVariantGroup section */
		62C9610A2ABD6B180072C8FA /* LaunchScreen.storyboard */ = {
			isa = PBXVariantGroup;
			children = (
				62C9610B2ABD6B180072C8FA /* Base */,
			);
			name = LaunchScreen.storyboard;
			sourceTree = "<group>";
		};
/* End PBXVariantGroup section */

/* Begin XCBuildConfiguration section */
		62C961242ABD6B190072C8FA /* Debug */ = {
			isa = XCBuildConfiguration;
			buildSettings = {
				ALWAYS_SEARCH_USER_PATHS = NO;
				CLANG_ANALYZER_NONNULL = YES;
				CLANG_ANALYZER_NUMBER_OBJECT_CONVERSION = YES_AGGRESSIVE;
				CLANG_CXX_LANGUAGE_STANDARD = "gnu++20";
				CLANG_ENABLE_MODULES = YES;
				CLANG_ENABLE_OBJC_ARC = YES;
				CLANG_ENABLE_OBJC_WEAK = YES;
				CLANG_WARN_BLOCK_CAPTURE_AUTORELEASING = YES;
				CLANG_WARN_BOOL_CONVERSION = YES;
				CLANG_WARN_COMMA = YES;
				CLANG_WARN_CONSTANT_CONVERSION = YES;
				CLANG_WARN_DEPRECATED_OBJC_IMPLEMENTATIONS = YES;
				CLANG_WARN_DIRECT_OBJC_ISA_USAGE = YES_ERROR;
				CLANG_WARN_DOCUMENTATION_COMMENTS = YES;
				CLANG_WARN_EMPTY_BODY = YES;
				CLANG_WARN_ENUM_CONVERSION = YES;
				CLANG_WARN_INFINITE_RECURSION = YES;
				CLANG_WARN_INT_CONVERSION = YES;
				CLANG_WARN_NON_LITERAL_NULL_CONVERSION = YES;
				CLANG_WARN_OBJC_IMPLICIT_RETAIN_SELF = YES;
				CLANG_WARN_OBJC_LITERAL_CONVERSION = YES;
				CLANG_WARN_OBJC_ROOT_CLASS = YES_ERROR;
				CLANG_WARN_QUOTED_INCLUDE_IN_FRAMEWORK_HEADER = YES;
				CLANG_WARN_RANGE_LOOP_ANALYSIS = YES;
				CLANG_WARN_STRICT_PROTOTYPES = YES;
				CLANG_WARN_SUSPICIOUS_MOVE = YES;
				CLANG_WARN_UNGUARDED_AVAILABILITY = YES_AGGRESSIVE;
				CLANG_WARN_UNREACHABLE_CODE = YES;
				CLANG_WARN__DUPLICATE_METHOD_MATCH = YES;
				COPY_PHASE_STRIP = NO;
				DEBUG_INFORMATION_FORMAT = dwarf;
				ENABLE_STRICT_OBJC_MSGSEND = YES;
				ENABLE_TESTABILITY = YES;
				GCC_C_LANGUAGE_STANDARD = gnu11;
				GCC_DYNAMIC_NO_PIC = NO;
				GCC_NO_COMMON_BLOCKS = YES;
				GCC_OPTIMIZATION_LEVEL = 0;
				GCC_PREPROCESSOR_DEFINITIONS = (
					"DEBUG=1",
					"$(inherited)",
				);
				GCC_WARN_64_TO_32_BIT_CONVERSION = YES;
				GCC_WARN_ABOUT_RETURN_TYPE = YES_ERROR;
				GCC_WARN_UNDECLARED_SELECTOR = YES;
				GCC_WARN_UNINITIALIZED_AUTOS = YES_AGGRESSIVE;
				GCC_WARN_UNUSED_FUNCTION = YES;
				GCC_WARN_UNUSED_VARIABLE = YES;
				IPHONEOS_DEPLOYMENT_TARGET = 13.0;
				MTL_ENABLE_DEBUG_INFO = INCLUDE_SOURCE;
				MTL_FAST_MATH = YES;
				ONLY_ACTIVE_ARCH = YES;
				SDKROOT = iphoneos;
				SWIFT_ACTIVE_COMPILATION_CONDITIONS = DEBUG;
				SWIFT_OPTIMIZATION_LEVEL = "-Onone";
			};
			name = Debug;
		};
		62C961252ABD6B190072C8FA /* Release */ = {
			isa = XCBuildConfiguration;
			buildSettings = {
				ALWAYS_SEARCH_USER_PATHS = NO;
				CLANG_ANALYZER_NONNULL = YES;
				CLANG_ANALYZER_NUMBER_OBJECT_CONVERSION = YES_AGGRESSIVE;
				CLANG_CXX_LANGUAGE_STANDARD = "gnu++20";
				CLANG_ENABLE_MODULES = YES;
				CLANG_ENABLE_OBJC_ARC = YES;
				CLANG_ENABLE_OBJC_WEAK = YES;
				CLANG_WARN_BLOCK_CAPTURE_AUTORELEASING = YES;
				CLANG_WARN_BOOL_CONVERSION = YES;
				CLANG_WARN_COMMA = YES;
				CLANG_WARN_CONSTANT_CONVERSION = YES;
				CLANG_WARN_DEPRECATED_OBJC_IMPLEMENTATIONS = YES;
				CLANG_WARN_DIRECT_OBJC_ISA_USAGE = YES_ERROR;
				CLANG_WARN_DOCUMENTATION_COMMENTS = YES;
				CLANG_WARN_EMPTY_BODY = YES;
				CLANG_WARN_ENUM_CONVERSION = YES;
				CLANG_WARN_INFINITE_RECURSION = YES;
				CLANG_WARN_INT_CONVERSION = YES;
				CLANG_WARN_NON_LITERAL_NULL_CONVERSION = YES;
				CLANG_WARN_OBJC_IMPLICIT_RETAIN_SELF = YES;
				CLANG_WARN_OBJC_LITERAL_CONVERSION = YES;
				CLANG_WARN_OBJC_ROOT_CLASS = YES_ERROR;
				CLANG_WARN_QUOTED_INCLUDE_IN_FRAMEWORK_HEADER = YES;
				CLANG_WARN_RANGE_LOOP_ANALYSIS = YES;
				CLANG_WARN_STRICT_PROTOTYPES = YES;
				CLANG_WARN_SUSPICIOUS_MOVE = YES;
				CLANG_WARN_UNGUARDED_AVAILABILITY = YES_AGGRESSIVE;
				CLANG_WARN_UNREACHABLE_CODE = YES;
				CLANG_WARN__DUPLICATE_METHOD_MATCH = YES;
				COPY_PHASE_STRIP = NO;
				DEBUG_INFORMATION_FORMAT = "dwarf-with-dsym";
				ENABLE_NS_ASSERTIONS = NO;
				ENABLE_STRICT_OBJC_MSGSEND = YES;
				GCC_C_LANGUAGE_STANDARD = gnu11;
				GCC_NO_COMMON_BLOCKS = YES;
				GCC_WARN_64_TO_32_BIT_CONVERSION = YES;
				GCC_WARN_ABOUT_RETURN_TYPE = YES_ERROR;
				GCC_WARN_UNDECLARED_SELECTOR = YES;
				GCC_WARN_UNINITIALIZED_AUTOS = YES_AGGRESSIVE;
				GCC_WARN_UNUSED_FUNCTION = YES;
				GCC_WARN_UNUSED_VARIABLE = YES;
				IPHONEOS_DEPLOYMENT_TARGET = 13.0;
				MTL_ENABLE_DEBUG_INFO = NO;
				MTL_FAST_MATH = YES;
				SDKROOT = iphoneos;
				SWIFT_COMPILATION_MODE = wholemodule;
				SWIFT_OPTIMIZATION_LEVEL = "-O";
				VALIDATE_PRODUCT = YES;
			};
			name = Release;
		};
		62C961272ABD6B190072C8FA /* Debug */ = {
			isa = XCBuildConfiguration;
			baseConfigurationReference = 9DAADE0D1547814FF5608ED3 /* Pods-Meals.debug.xcconfig */;
			buildSettings = {
				ASSETCATALOG_COMPILER_APPICON_NAME = AppIcon;
				ASSETCATALOG_COMPILER_GLOBAL_ACCENT_COLOR_NAME = AccentColor;
				CODE_SIGN_STYLE = Automatic;
				CURRENT_PROJECT_VERSION = 1;
				DEVELOPMENT_TEAM = 4YDCQLJY46;
				GENERATE_INFOPLIST_FILE = YES;
				INFOPLIST_FILE = Meals/Info.plist;
				INFOPLIST_KEY_UIApplicationSupportsIndirectInputEvents = YES;
				INFOPLIST_KEY_UILaunchStoryboardName = LaunchScreen;
				INFOPLIST_KEY_UISupportedInterfaceOrientations_iPad = "UIInterfaceOrientationPortrait UIInterfaceOrientationPortraitUpsideDown UIInterfaceOrientationLandscapeLeft UIInterfaceOrientationLandscapeRight";
				INFOPLIST_KEY_UISupportedInterfaceOrientations_iPhone = "UIInterfaceOrientationPortrait UIInterfaceOrientationLandscapeLeft UIInterfaceOrientationLandscapeRight";
				IPHONEOS_DEPLOYMENT_TARGET = 13.0;
				LD_RUNPATH_SEARCH_PATHS = (
					"$(inherited)",
					"@executable_path/Frameworks",
				);
				MARKETING_VERSION = 1.0;
				PRODUCT_BUNDLE_IDENTIFIER = com.sendo.Meals;
				PRODUCT_NAME = "$(TARGET_NAME)";
				SUPPORTED_PLATFORMS = "iphoneos iphonesimulator";
				SUPPORTS_MACCATALYST = NO;
				SUPPORTS_MAC_DESIGNED_FOR_IPHONE_IPAD = NO;
				SWIFT_EMIT_LOC_STRINGS = YES;
				SWIFT_VERSION = 5.0;
				TARGETED_DEVICE_FAMILY = 1;
			};
			name = Debug;
		};
		62C961282ABD6B190072C8FA /* Release */ = {
			isa = XCBuildConfiguration;
			baseConfigurationReference = 90A252F720A9C563E2D75C6F /* Pods-Meals.release.xcconfig */;
			buildSettings = {
				ASSETCATALOG_COMPILER_APPICON_NAME = AppIcon;
				ASSETCATALOG_COMPILER_GLOBAL_ACCENT_COLOR_NAME = AccentColor;
				CODE_SIGN_STYLE = Automatic;
				CURRENT_PROJECT_VERSION = 1;
				DEVELOPMENT_TEAM = 4YDCQLJY46;
				GENERATE_INFOPLIST_FILE = YES;
				INFOPLIST_FILE = Meals/Info.plist;
				INFOPLIST_KEY_UIApplicationSupportsIndirectInputEvents = YES;
				INFOPLIST_KEY_UILaunchStoryboardName = LaunchScreen;
				INFOPLIST_KEY_UISupportedInterfaceOrientations_iPad = "UIInterfaceOrientationPortrait UIInterfaceOrientationPortraitUpsideDown UIInterfaceOrientationLandscapeLeft UIInterfaceOrientationLandscapeRight";
				INFOPLIST_KEY_UISupportedInterfaceOrientations_iPhone = "UIInterfaceOrientationPortrait UIInterfaceOrientationLandscapeLeft UIInterfaceOrientationLandscapeRight";
				IPHONEOS_DEPLOYMENT_TARGET = 13.0;
				LD_RUNPATH_SEARCH_PATHS = (
					"$(inherited)",
					"@executable_path/Frameworks",
				);
				MARKETING_VERSION = 1.0;
				PRODUCT_BUNDLE_IDENTIFIER = com.sendo.Meals;
				PRODUCT_NAME = "$(TARGET_NAME)";
				SUPPORTED_PLATFORMS = "iphoneos iphonesimulator";
				SUPPORTS_MACCATALYST = NO;
				SUPPORTS_MAC_DESIGNED_FOR_IPHONE_IPAD = NO;
				SWIFT_EMIT_LOC_STRINGS = YES;
				SWIFT_VERSION = 5.0;
				TARGETED_DEVICE_FAMILY = 1;
			};
			name = Release;
		};
		62C9612A2ABD6B190072C8FA /* Debug */ = {
			isa = XCBuildConfiguration;
			baseConfigurationReference = 607A6500DC27A0DE8F631A26 /* Pods-MealsTests.debug.xcconfig */;
			buildSettings = {
				ALWAYS_EMBED_SWIFT_STANDARD_LIBRARIES = YES;
				BUNDLE_LOADER = "$(TEST_HOST)";
				CODE_SIGN_STYLE = Automatic;
				CURRENT_PROJECT_VERSION = 1;
				DEVELOPMENT_TEAM = 4YDCQLJY46;
				GENERATE_INFOPLIST_FILE = YES;
				IPHONEOS_DEPLOYMENT_TARGET = 16.2;
				MARKETING_VERSION = 1.0;
				PRODUCT_BUNDLE_IDENTIFIER = com.sendo.MealsTests;
				PRODUCT_NAME = "$(TARGET_NAME)";
				SWIFT_EMIT_LOC_STRINGS = NO;
				SWIFT_VERSION = 5.0;
				TARGETED_DEVICE_FAMILY = "1,2";
				TEST_HOST = "$(BUILT_PRODUCTS_DIR)/Meals.app/$(BUNDLE_EXECUTABLE_FOLDER_PATH)/Meals";
			};
			name = Debug;
		};
		62C9612B2ABD6B190072C8FA /* Release */ = {
			isa = XCBuildConfiguration;
			baseConfigurationReference = C0F047A810E9414A051D32C3 /* Pods-MealsTests.release.xcconfig */;
			buildSettings = {
				ALWAYS_EMBED_SWIFT_STANDARD_LIBRARIES = YES;
				BUNDLE_LOADER = "$(TEST_HOST)";
				CODE_SIGN_STYLE = Automatic;
				CURRENT_PROJECT_VERSION = 1;
				DEVELOPMENT_TEAM = 4YDCQLJY46;
				GENERATE_INFOPLIST_FILE = YES;
				IPHONEOS_DEPLOYMENT_TARGET = 16.2;
				MARKETING_VERSION = 1.0;
				PRODUCT_BUNDLE_IDENTIFIER = com.sendo.MealsTests;
				PRODUCT_NAME = "$(TARGET_NAME)";
				SWIFT_EMIT_LOC_STRINGS = NO;
				SWIFT_VERSION = 5.0;
				TARGETED_DEVICE_FAMILY = "1,2";
				TEST_HOST = "$(BUILT_PRODUCTS_DIR)/Meals.app/$(BUNDLE_EXECUTABLE_FOLDER_PATH)/Meals";
			};
			name = Release;
		};
/* End XCBuildConfiguration section */

/* Begin XCConfigurationList section */
		62C960F72ABD6B130072C8FA /* Build configuration list for PBXProject "Meals" */ = {
			isa = XCConfigurationList;
			buildConfigurations = (
				62C961242ABD6B190072C8FA /* Debug */,
				62C961252ABD6B190072C8FA /* Release */,
			);
			defaultConfigurationIsVisible = 0;
			defaultConfigurationName = Release;
		};
		62C961262ABD6B190072C8FA /* Build configuration list for PBXNativeTarget "Meals" */ = {
			isa = XCConfigurationList;
			buildConfigurations = (
				62C961272ABD6B190072C8FA /* Debug */,
				62C961282ABD6B190072C8FA /* Release */,
			);
			defaultConfigurationIsVisible = 0;
			defaultConfigurationName = Release;
		};
		62C961292ABD6B190072C8FA /* Build configuration list for PBXNativeTarget "MealsTests" */ = {
			isa = XCConfigurationList;
			buildConfigurations = (
				62C9612A2ABD6B190072C8FA /* Debug */,
				62C9612B2ABD6B190072C8FA /* Release */,
			);
			defaultConfigurationIsVisible = 0;
			defaultConfigurationName = Release;
		};
/* End XCConfigurationList section */
	};
	rootObject = 62C960F42ABD6B130072C8FA /* Project object */;
}
